
Microsoft Visual Studio Solution File, Format Version 12.00
Project("{2150E333-8FDC-42A3-9474-1A3956D46DE8}") = "Src", "Src", "{17355392-CA3D-4CE8-8A0F-CF1EB6943AE2}"
EndProject
Project("{2150E333-8FDC-42A3-9474-1A3956D46DE8}") = "Common", "Common", "{9FD92DF2-FE7F-4401-B09E-B0CD59A6AC54}"
EndProject
Project("{2150E333-8FDC-42A3-9474-1A3956D46DE8}") = "Core", "Core", "{07D5F8B3-4D79-4B43-BA4A-9792CA6BEC2A}"
EndProject
Project("{2150E333-8FDC-42A3-9474-1A3956D46DE8}") = "Infrastructure", "Infrastructure", "{9FF6C275-293C-4243-B742-F6486A2DFEB3}"
EndProject
Project("{2150E333-8FDC-42A3-9474-1A3956D46DE8}") = "Presentation", "Presentation", "{D38CE58D-2228-4316-B592-DB6C0F65F33B}"
EndProject
Project("{FAE04EC0-301F-11D3-BF4B-00C04F79EFBC}") = "StudentEnrollmentMicro.Common", "StudentEnrollmentMicro.Common\StudentEnrollmentMicro.Common.csproj", "{9812745A-E8BA-4B59-A60A-E053591DE4E0}"
EndProject
Project("{FAE04EC0-301F-11D3-BF4B-00C04F79EFBC}") = "StudentEnrollmentMicro.Domain", "StudentEnrollmentMicro.Domain\StudentEnrollmentMicro.Domain.csproj", "{A588DD03-7D8F-4D2C-A394-E2E7619ED64C}"
EndProject
Project("{FAE04EC0-301F-11D3-BF4B-00C04F79EFBC}") = "StudentEnrollmentMicro.Application", "StudentEnrollmentMicro.Application\StudentEnrollmentMicro.Application.csproj", "{D263EEA6-30BE-43E3-A7CE-61530187E509}"
EndProject
Project("{FAE04EC0-301F-11D3-BF4B-00C04F79EFBC}") = "StudentEnrollmentMicro.Infrastructure", "StudentEnrollmentMicro.Infrastructure\StudentEnrollmentMicro.Infrastructure.csproj", "{BC59994C-60E5-4806-8B95-12D4625FFA02}"
EndProject
Project("{FAE04EC0-301F-11D3-BF4B-00C04F79EFBC}") = "StudentEnrollmentMicro.Persistence", "StudentEnrollmentMicro.Persistence\StudentEnrollmentMicro.Persistence.csproj", "{F399C19F-C865-41D2-AEB7-C7BF8DC967F0}"
EndProject
Project("{FAE04EC0-301F-11D3-BF4B-00C04F79EFBC}") = "StudentEnrollmentMicro.API", "StudentEnrollmentMicro.API\StudentEnrollmentMicro.API.csproj", "{E549A047-1238-442B-89F2-60A4EBF02B39}"
EndProject
Global
	GlobalSection(SolutionConfigurationPlatforms) = preSolution
		Debug|Any CPU = Debug|Any CPU
		Release|Any CPU = Release|Any CPU
	EndGlobalSection
	GlobalSection(NestedProjects) = preSolution
		{9FD92DF2-FE7F-4401-B09E-B0CD59A6AC54} = {17355392-CA3D-4CE8-8A0F-CF1EB6943AE2}
		{07D5F8B3-4D79-4B43-BA4A-9792CA6BEC2A} = {17355392-CA3D-4CE8-8A0F-CF1EB6943AE2}
		{9FF6C275-293C-4243-B742-F6486A2DFEB3} = {17355392-CA3D-4CE8-8A0F-CF1EB6943AE2}
		{D38CE58D-2228-4316-B592-DB6C0F65F33B} = {17355392-CA3D-4CE8-8A0F-CF1EB6943AE2}
		{9812745A-E8BA-4B59-A60A-E053591DE4E0} = {9FD92DF2-FE7F-4401-B09E-B0CD59A6AC54}
		{A588DD03-7D8F-4D2C-A394-E2E7619ED64C} = {07D5F8B3-4D79-4B43-BA4A-9792CA6BEC2A}
		{D263EEA6-30BE-43E3-A7CE-61530187E509} = {07D5F8B3-4D79-4B43-BA4A-9792CA6BEC2A}
		{BC59994C-60E5-4806-8B95-12D4625FFA02} = {9FF6C275-293C-4243-B742-F6486A2DFEB3}
		{F399C19F-C865-41D2-AEB7-C7BF8DC967F0} = {9FF6C275-293C-4243-B742-F6486A2DFEB3}
		{E549A047-1238-442B-89F2-60A4EBF02B39} = {D38CE58D-2228-4316-B592-DB6C0F65F33B}
	EndGlobalSection
	GlobalSection(ProjectConfigurationPlatforms) = postSolution
		{9812745A-E8BA-4B59-A60A-E053591DE4E0}.Debug|Any CPU.ActiveCfg = Debug|Any CPU
		{9812745A-E8BA-4B59-A60A-E053591DE4E0}.Debug|Any CPU.Build.0 = Debug|Any CPU
		{9812745A-E8BA-4B59-A60A-E053591DE4E0}.Release|Any CPU.ActiveCfg = Release|Any CPU
		{9812745A-E8BA-4B59-A60A-E053591DE4E0}.Release|Any CPU.Build.0 = Release|Any CPU
		{A588DD03-7D8F-4D2C-A394-E2E7619ED64C}.Debug|Any CPU.ActiveCfg = Debug|Any CPU
		{A588DD03-7D8F-4D2C-A394-E2E7619ED64C}.Debug|Any CPU.Build.0 = Debug|Any CPU
		{A588DD03-7D8F-4D2C-A394-E2E7619ED64C}.Release|Any CPU.ActiveCfg = Release|Any CPU
		{A588DD03-7D8F-4D2C-A394-E2E7619ED64C}.Release|Any CPU.Build.0 = Release|Any CPU
		{D263EEA6-30BE-43E3-A7CE-61530187E509}.Debug|Any CPU.ActiveCfg = Debug|Any CPU
		{D263EEA6-30BE-43E3-A7CE-61530187E509}.Debug|Any CPU.Build.0 = Debug|Any CPU
		{D263EEA6-30BE-43E3-A7CE-61530187E509}.Release|Any CPU.ActiveCfg = Release|Any CPU
		{D263EEA6-30BE-43E3-A7CE-61530187E509}.Release|Any CPU.Build.0 = Release|Any CPU
		{BC59994C-60E5-4806-8B95-12D4625FFA02}.Debug|Any CPU.ActiveCfg = Debug|Any CPU
		{BC59994C-60E5-4806-8B95-12D4625FFA02}.Debug|Any CPU.Build.0 = Debug|Any CPU
		{BC59994C-60E5-4806-8B95-12D4625FFA02}.Release|Any CPU.ActiveCfg = Release|Any CPU
		{BC59994C-60E5-4806-8B95-12D4625FFA02}.Release|Any CPU.Build.0 = Release|Any CPU
		{F399C19F-C865-41D2-AEB7-C7BF8DC967F0}.Debug|Any CPU.ActiveCfg = Debug|Any CPU
		{F399C19F-C865-41D2-AEB7-C7BF8DC967F0}.Debug|Any CPU.Build.0 = Debug|Any CPU
		{F399C19F-C865-41D2-AEB7-C7BF8DC967F0}.Release|Any CPU.ActiveCfg = Release|Any CPU
		{F399C19F-C865-41D2-AEB7-C7BF8DC967F0}.Release|Any CPU.Build.0 = Release|Any CPU
		{E549A047-1238-442B-89F2-60A4EBF02B39}.Debug|Any CPU.ActiveCfg = Debug|Any CPU
		{E549A047-1238-442B-89F2-60A4EBF02B39}.Debug|Any CPU.Build.0 = Debug|Any CPU
		{E549A047-1238-442B-89F2-60A4EBF02B39}.Release|Any CPU.ActiveCfg = Release|Any CPU
		{E549A047-1238-442B-89F2-60A4EBF02B39}.Release|Any CPU.Build.0 = Release|Any CPU
	EndGlobalSection
EndGlobal
